
Microsoft Visual Studio Solution File, Format Version 12.00
# Visual Studio Version 17
VisualStudioVersion = 17.0.31903.59
MinimumVisualStudioVersion = 10.0.40219.1
Project("{2150E333-8FDC-42A3-9474-1A3956D46DE8}") = "Solution Items", "Solution Items", "{E0B1B101-BE2E-4787-8513-506B64344C9C}"
	ProjectSection(SolutionItems) = preProject
		.editorconfig = .editorconfig
		.gitignore = .gitignore
		README.md = README.md
	EndProjectSection
EndProject
Project("{2150E333-8FDC-42A3-9474-1A3956D46DE8}") = "Klippy.Companion", "Klippy.Companion", "{A00FE578-4C1E-42ED-8EF1-FCC2BF257129}"
	ProjectSection(SolutionItems) = preProject
		Klippy.Companion\DevToolsDialog.gd = Klippy.Companion\DevToolsDialog.gd
		Klippy.Companion\Dialogue.gd = Klippy.Companion\Dialogue.gd
		Klippy.Companion\FoodBody.gd = Klippy.Companion\FoodBody.gd
		Klippy.Companion\Klippy.gd = Klippy.Companion\Klippy.gd
		Klippy.Companion\Klippy.png = Klippy.Companion\Klippy.png
		Klippy.Companion\Klippy.png.import = Klippy.Companion\Klippy.png.import
		Klippy.Companion\Klippy.tscn = Klippy.Companion\Klippy.tscn
		Klippy.Companion\PetBody.gd = Klippy.Companion\PetBody.gd
		Klippy.Companion\README.md = Klippy.Companion\README.md
		Klippy.Companion\SaveData.gd = Klippy.Companion\SaveData.gd
		Klippy.Companion\SettingsPanel.gd = Klippy.Companion\SettingsPanel.gd
		Klippy.Companion\SpeechBubble.gd = Klippy.Companion\SpeechBubble.gd
		Klippy.Companion\Stats.gd = Klippy.Companion\Stats.gd
		Klippy.Companion\StatusDialog.gd = Klippy.Companion\StatusDialog.gd
		Klippy.Companion\icon.svg = Klippy.Companion\icon.svg
		Klippy.Companion\icon.svg.import = Klippy.Companion\icon.svg.import
		Klippy.Companion\project.godot = Klippy.Companion\project.godot
	EndProjectSection
EndProject
Project("{FAE04EC0-301F-11D3-BF4B-00C04F79EFBC}") = "Klippy.Server", "Klippy.Server\Klippy.Server.csproj", "{0AB322FE-DCDC-4AC0-8D06-4E1D753558B5}"
EndProject
Project("{FAE04EC0-301F-11D3-BF4B-00C04F79EFBC}") = "Klippy.Shared", "Klippy.Shared\Klippy.Shared.csproj", "{15D4A90E-1C77-473F-8D5C-9428A361A7C4}"
EndProject
Project("{FAE04EC0-301F-11D3-BF4B-00C04F79EFBC}") = "Klippy.Mobile", "Klippy.Mobile\Klippy.Mobile.csproj", "{DD4FCE95-9042-4F6A-9688-BC3649E60B56}"
EndProject
Global
	GlobalSection(SolutionConfigurationPlatforms) = preSolution
		Debug|Any CPU = Debug|Any CPU
		Debug|x64 = Debug|x64
		Debug|x86 = Debug|x86
		Release|Any CPU = Release|Any CPU
		Release|x64 = Release|x64
		Release|x86 = Release|x86
	EndGlobalSection
	GlobalSection(ProjectConfigurationPlatforms) = postSolution
		{0AB322FE-DCDC-4AC0-8D06-4E1D753558B5}.Debug|Any CPU.ActiveCfg = Debug|Any CPU
		{0AB322FE-DCDC-4AC0-8D06-4E1D753558B5}.Debug|Any CPU.Build.0 = Debug|Any CPU
		{0AB322FE-DCDC-4AC0-8D06-4E1D753558B5}.Debug|x64.ActiveCfg = Debug|Any CPU
		{0AB322FE-DCDC-4AC0-8D06-4E1D753558B5}.Debug|x64.Build.0 = Debug|Any CPU
		{0AB322FE-DCDC-4AC0-8D06-4E1D753558B5}.Debug|x86.ActiveCfg = Debug|Any CPU
		{0AB322FE-DCDC-4AC0-8D06-4E1D753558B5}.Debug|x86.Build.0 = Debug|Any CPU
		{0AB322FE-DCDC-4AC0-8D06-4E1D753558B5}.Release|Any CPU.ActiveCfg = Release|Any CPU
		{0AB322FE-DCDC-4AC0-8D06-4E1D753558B5}.Release|Any CPU.Build.0 = Release|Any CPU
		{0AB322FE-DCDC-4AC0-8D06-4E1D753558B5}.Release|x64.ActiveCfg = Release|Any CPU
		{0AB322FE-DCDC-4AC0-8D06-4E1D753558B5}.Release|x64.Build.0 = Release|Any CPU
		{0AB322FE-DCDC-4AC0-8D06-4E1D753558B5}.Release|x86.ActiveCfg = Release|Any CPU
		{0AB322FE-DCDC-4AC0-8D06-4E1D753558B5}.Release|x86.Build.0 = Release|Any CPU
		{15D4A90E-1C77-473F-8D5C-9428A361A7C4}.Debug|Any CPU.ActiveCfg = Debug|Any CPU
		{15D4A90E-1C77-473F-8D5C-9428A361A7C4}.Debug|Any CPU.Build.0 = Debug|Any CPU
		{15D4A90E-1C77-473F-8D5C-9428A361A7C4}.Debug|x64.ActiveCfg = Debug|Any CPU
		{15D4A90E-1C77-473F-8D5C-9428A361A7C4}.Debug|x64.Build.0 = Debug|Any CPU
		{15D4A90E-1C77-473F-8D5C-9428A361A7C4}.Debug|x86.ActiveCfg = Debug|Any CPU
		{15D4A90E-1C77-473F-8D5C-9428A361A7C4}.Debug|x86.Build.0 = Debug|Any CPU
		{15D4A90E-1C77-473F-8D5C-9428A361A7C4}.Release|Any CPU.ActiveCfg = Release|Any CPU
		{15D4A90E-1C77-473F-8D5C-9428A361A7C4}.Release|Any CPU.Build.0 = Release|Any CPU
		{15D4A90E-1C77-473F-8D5C-9428A361A7C4}.Release|x64.ActiveCfg = Release|Any CPU
		{15D4A90E-1C77-473F-8D5C-9428A361A7C4}.Release|x64.Build.0 = Release|Any CPU
		{15D4A90E-1C77-473F-8D5C-9428A361A7C4}.Release|x86.ActiveCfg = Release|Any CPU
		{15D4A90E-1C77-473F-8D5C-9428A361A7C4}.Release|x86.Build.0 = Release|Any CPU
		{DD4FCE95-9042-4F6A-9688-BC3649E60B56}.Debug|Any CPU.ActiveCfg = Debug|Any CPU
		{DD4FCE95-9042-4F6A-9688-BC3649E60B56}.Debug|Any CPU.Build.0 = Debug|Any CPU
		{DD4FCE95-9042-4F6A-9688-BC3649E60B56}.Debug|x64.ActiveCfg = Debug|Any CPU
		{DD4FCE95-9042-4F6A-9688-BC3649E60B56}.Debug|x64.Build.0 = Debug|Any CPU
		{DD4FCE95-9042-4F6A-9688-BC3649E60B56}.Debug|x86.ActiveCfg = Debug|Any CPU
		{DD4FCE95-9042-4F6A-9688-BC3649E60B56}.Debug|x86.Build.0 = Debug|Any CPU
		{DD4FCE95-9042-4F6A-9688-BC3649E60B56}.Release|Any CPU.ActiveCfg = Release|Any CPU
		{DD4FCE95-9042-4F6A-9688-BC3649E60B56}.Release|Any CPU.Build.0 = Release|Any CPU
		{DD4FCE95-9042-4F6A-9688-BC3649E60B56}.Release|x64.ActiveCfg = Release|Any CPU
		{DD4FCE95-9042-4F6A-9688-BC3649E60B56}.Release|x64.Build.0 = Release|Any CPU
		{DD4FCE95-9042-4F6A-9688-BC3649E60B56}.Release|x86.ActiveCfg = Release|Any CPU
		{DD4FCE95-9042-4F6A-9688-BC3649E60B56}.Release|x86.Build.0 = Release|Any CPU
	EndGlobalSection
	GlobalSection(SolutionProperties) = preSolution
		HideSolutionNode = FALSE
	EndGlobalSection
	GlobalSection(ExtensibilityGlobals) = postSolution
		SolutionGuid = {62864A42-0D49-4678-9990-58D32F7A9B30}
	EndGlobalSection
EndGlobal
